// !$*UTF8*$!
{
	archiveVersion = 1;
	classes = {
	};
	objectVersion = 55;
	objects = {

/* Begin PBXBuildFile section */
		251A76B3296F3C8800F46EF8 /* HeaderMeeting.swift in Sources */ = {isa = PBXBuildFile; fileRef = 251A76B2296F3C8800F46EF8 /* HeaderMeeting.swift */; };
		2553E17F296DA66700C570FF /* TasksCell.swift in Sources */ = {isa = PBXBuildFile; fileRef = 2553E17E296DA66700C570FF /* TasksCell.swift */; };
		2553E181296EF5BD00C570FF /* AddMeettingController.swift in Sources */ = {isa = PBXBuildFile; fileRef = 2553E180296EF5BD00C570FF /* AddMeettingController.swift */; };
		2553E184296EF5E900C570FF /* AddTaskController.swift in Sources */ = {isa = PBXBuildFile; fileRef = 2553E183296EF5E900C570FF /* AddTaskController.swift */; };
		2553E18A296F1BE700C570FF /* AddMeetingCell.swift in Sources */ = {isa = PBXBuildFile; fileRef = 2553E189296F1BE700C570FF /* AddMeetingCell.swift */; };
		257E534A296BC54F002AC1EA /* AppDelegate.swift in Sources */ = {isa = PBXBuildFile; fileRef = 257E5349296BC54F002AC1EA /* AppDelegate.swift */; };
		257E534C296BC54F002AC1EA /* SceneDelegate.swift in Sources */ = {isa = PBXBuildFile; fileRef = 257E534B296BC54F002AC1EA /* SceneDelegate.swift */; };
		257E534E296BC54F002AC1EA /* MainViewController.swift in Sources */ = {isa = PBXBuildFile; fileRef = 257E534D296BC54F002AC1EA /* MainViewController.swift */; };
		257E5353296BC555002AC1EA /* Assets.xcassets in Resources */ = {isa = PBXBuildFile; fileRef = 257E5352296BC555002AC1EA /* Assets.xcassets */; };
		257E5356296BC555002AC1EA /* LaunchScreen.storyboard in Resources */ = {isa = PBXBuildFile; fileRef = 257E5354296BC555002AC1EA /* LaunchScreen.storyboard */; };
		257E535F296BC8C2002AC1EA /* SnapKit-Dynamic in Frameworks */ = {isa = PBXBuildFile; productRef = 257E535E296BC8C2002AC1EA /* SnapKit-Dynamic */; };
		257E5365296BE7A2002AC1EA /* MeetingViewController.swift in Sources */ = {isa = PBXBuildFile; fileRef = 257E5364296BE7A2002AC1EA /* MeetingViewController.swift */; };
		257E5367296BE7B5002AC1EA /* TasksViewController.swift in Sources */ = {isa = PBXBuildFile; fileRef = 257E5366296BE7B5002AC1EA /* TasksViewController.swift */; };
		257E5369296BE7C4002AC1EA /* CallsViewController.swift in Sources */ = {isa = PBXBuildFile; fileRef = 257E5368296BE7C4002AC1EA /* CallsViewController.swift */; };
		257E536C296BF9FC002AC1EA /* FSCalendar in Frameworks */ = {isa = PBXBuildFile; productRef = 257E536B296BF9FC002AC1EA /* FSCalendar */; };
		257E5371296C3BE6002AC1EA /* MeetingCell.swift in Sources */ = {isa = PBXBuildFile; fileRef = 257E5370296C3BE6002AC1EA /* MeetingCell.swift */; };
		2582A92C296D91760056DE05 /* UILabel.swift in Sources */ = {isa = PBXBuildFile; fileRef = 2582A92B296D91760056DE05 /* UILabel.swift */; };
		2582A92E296D93DD0056DE05 /* UIStackView.swift in Sources */ = {isa = PBXBuildFile; fileRef = 2582A92D296D93DD0056DE05 /* UIStackView.swift */; };
/* End PBXBuildFile section */

/* Begin PBXFileReference section */
		251A76B2296F3C8800F46EF8 /* HeaderMeeting.swift */ = {isa = PBXFileReference; lastKnownFileType = sourcecode.swift; path = HeaderMeeting.swift; sourceTree = "<group>"; };
		2553E17E296DA66700C570FF /* TasksCell.swift */ = {isa = PBXFileReference; lastKnownFileType = sourcecode.swift; path = TasksCell.swift; sourceTree = "<group>"; };
		2553E180296EF5BD00C570FF /* AddMeettingController.swift */ = {isa = PBXFileReference; lastKnownFileType = sourcecode.swift; path = AddMeettingController.swift; sourceTree = "<group>"; };
		2553E183296EF5E900C570FF /* AddTaskController.swift */ = {isa = PBXFileReference; lastKnownFileType = sourcecode.swift; path = AddTaskController.swift; sourceTree = "<group>"; };
		2553E189296F1BE700C570FF /* AddMeetingCell.swift */ = {isa = PBXFileReference; lastKnownFileType = sourcecode.swift; path = AddMeetingCell.swift; sourceTree = "<group>"; };
		257E5346296BC54F002AC1EA /* Busy Man.app */ = {isa = PBXFileReference; explicitFileType = wrapper.application; includeInIndex = 0; path = "Busy Man.app"; sourceTree = BUILT_PRODUCTS_DIR; };
		257E5349296BC54F002AC1EA /* AppDelegate.swift */ = {isa = PBXFileReference; lastKnownFileType = sourcecode.swift; path = AppDelegate.swift; sourceTree = "<group>"; };
		257E534B296BC54F002AC1EA /* SceneDelegate.swift */ = {isa = PBXFileReference; lastKnownFileType = sourcecode.swift; path = SceneDelegate.swift; sourceTree = "<group>"; };
		257E534D296BC54F002AC1EA /* MainViewController.swift */ = {isa = PBXFileReference; lastKnownFileType = sourcecode.swift; path = MainViewController.swift; sourceTree = "<group>"; };
		257E5352296BC555002AC1EA /* Assets.xcassets */ = {isa = PBXFileReference; lastKnownFileType = folder.assetcatalog; path = Assets.xcassets; sourceTree = "<group>"; };
		257E5355296BC555002AC1EA /* Base */ = {isa = PBXFileReference; lastKnownFileType = file.storyboard; name = Base; path = Base.lproj/LaunchScreen.storyboard; sourceTree = "<group>"; };
		257E5357296BC555002AC1EA /* Info.plist */ = {isa = PBXFileReference; lastKnownFileType = text.plist.xml; path = Info.plist; sourceTree = "<group>"; };
		257E5364296BE7A2002AC1EA /* MeetingViewController.swift */ = {isa = PBXFileReference; lastKnownFileType = sourcecode.swift; path = MeetingViewController.swift; sourceTree = "<group>"; };
		257E5366296BE7B5002AC1EA /* TasksViewController.swift */ = {isa = PBXFileReference; lastKnownFileType = sourcecode.swift; path = TasksViewController.swift; sourceTree = "<group>"; };
		257E5368296BE7C4002AC1EA /* CallsViewController.swift */ = {isa = PBXFileReference; lastKnownFileType = sourcecode.swift; path = CallsViewController.swift; sourceTree = "<group>"; };
		257E5370296C3BE6002AC1EA /* MeetingCell.swift */ = {isa = PBXFileReference; lastKnownFileType = sourcecode.swift; path = MeetingCell.swift; sourceTree = "<group>"; };
		2582A92B296D91760056DE05 /* UILabel.swift */ = {isa = PBXFileReference; lastKnownFileType = sourcecode.swift; path = UILabel.swift; sourceTree = "<group>"; };
		2582A92D296D93DD0056DE05 /* UIStackView.swift */ = {isa = PBXFileReference; lastKnownFileType = sourcecode.swift; path = UIStackView.swift; sourceTree = "<group>"; };
/* End PBXFileReference section */

/* Begin PBXFrameworksBuildPhase section */
		257E5343296BC54F002AC1EA /* Frameworks */ = {
			isa = PBXFrameworksBuildPhase;
			buildActionMask = 2147483647;
			files = (
				257E535F296BC8C2002AC1EA /* SnapKit-Dynamic in Frameworks */,
				257E536C296BF9FC002AC1EA /* FSCalendar in Frameworks */,
			);
			runOnlyForDeploymentPostprocessing = 0;
		};
/* End PBXFrameworksBuildPhase section */

/* Begin PBXGroup section */
		2553E182296EF5C500C570FF /* Meeting */ = {
			isa = PBXGroup;
			children = (
				257E5364296BE7A2002AC1EA /* MeetingViewController.swift */,
				2553E180296EF5BD00C570FF /* AddMeettingController.swift */,
			);
			path = Meeting;
			sourceTree = "<group>";
		};
		2553E185296EF5EF00C570FF /* Tasks */ = {
			isa = PBXGroup;
			children = (
				257E5366296BE7B5002AC1EA /* TasksViewController.swift */,
				2553E183296EF5E900C570FF /* AddTaskController.swift */,
			);
			path = Tasks;
			sourceTree = "<group>";
		};
		2553E187296F1BAA00C570FF /* Meeting Cells */ = {
			isa = PBXGroup;
			children = (
				257E5370296C3BE6002AC1EA /* MeetingCell.swift */,
				2553E189296F1BE700C570FF /* AddMeetingCell.swift */,
				251A76B2296F3C8800F46EF8 /* HeaderMeeting.swift */,
			);
			path = "Meeting Cells";
			sourceTree = "<group>";
		};
		2553E188296F1BCB00C570FF /* Tasks Cells */ = {
			isa = PBXGroup;
			children = (
				2553E17E296DA66700C570FF /* TasksCell.swift */,
			);
			path = "Tasks Cells";
			sourceTree = "<group>";
		};
		257E533D296BC54E002AC1EA = {
			isa = PBXGroup;
			children = (
				257E5348296BC54F002AC1EA /* Busy Man */,
				257E5347296BC54F002AC1EA /* Products */,
			);
			sourceTree = "<group>";
		};
		257E5347296BC54F002AC1EA /* Products */ = {
			isa = PBXGroup;
			children = (
				257E5346296BC54F002AC1EA /* Busy Man.app */,
			);
			name = Products;
			sourceTree = "<group>";
		};
		257E5348296BC54F002AC1EA /* Busy Man */ = {
			isa = PBXGroup;
			children = (
				257E536D296C3B7D002AC1EA /* Model */,
				257E5361296BE334002AC1EA /* Application */,
				257E5362296BE341002AC1EA /* Controllers */,
				2582A92A296D91640056DE05 /* Extenstions for UI */,
				257E5363296BE35D002AC1EA /* Others */,
			);
			path = "Busy Man";
			sourceTree = "<group>";
		};
		257E5361296BE334002AC1EA /* Application */ = {
			isa = PBXGroup;
			children = (
				257E5349296BC54F002AC1EA /* AppDelegate.swift */,
				257E534B296BC54F002AC1EA /* SceneDelegate.swift */,
			);
			path = Application;
			sourceTree = "<group>";
		};
		257E5362296BE341002AC1EA /* Controllers */ = {
			isa = PBXGroup;
			children = (
				257E534D296BC54F002AC1EA /* MainViewController.swift */,
				2553E182296EF5C500C570FF /* Meeting */,
				2553E185296EF5EF00C570FF /* Tasks */,
				257E5368296BE7C4002AC1EA /* CallsViewController.swift */,
			);
			path = Controllers;
			sourceTree = "<group>";
		};
		257E5363296BE35D002AC1EA /* Others */ = {
			isa = PBXGroup;
			children = (
				257E5352296BC555002AC1EA /* Assets.xcassets */,
				257E5354296BC555002AC1EA /* LaunchScreen.storyboard */,
				257E5357296BC555002AC1EA /* Info.plist */,
			);
			path = Others;
			sourceTree = "<group>";
		};
		257E536D296C3B7D002AC1EA /* Model */ = {
			isa = PBXGroup;
			children = (
				257E5372296C3E77002AC1EA /* Cell */,
			);
			path = Model;
			sourceTree = "<group>";
		};
		257E5372296C3E77002AC1EA /* Cell */ = {
			isa = PBXGroup;
			children = (
				2553E187296F1BAA00C570FF /* Meeting Cells */,
				2553E188296F1BCB00C570FF /* Tasks Cells */,
			);
			path = Cell;
			sourceTree = "<group>";
		};
		2582A92A296D91640056DE05 /* Extenstions for UI */ = {
			isa = PBXGroup;
			children = (
				2582A92B296D91760056DE05 /* UILabel.swift */,
				2582A92D296D93DD0056DE05 /* UIStackView.swift */,
			);
			path = "Extenstions for UI";
			sourceTree = "<group>";
		};
/* End PBXGroup section */

/* Begin PBXNativeTarget section */
		257E5345296BC54F002AC1EA /* Busy Man */ = {
			isa = PBXNativeTarget;
			buildConfigurationList = 257E535A296BC555002AC1EA /* Build configuration list for PBXNativeTarget "Busy Man" */;
			buildPhases = (
				257E5342296BC54F002AC1EA /* Sources */,
				257E5343296BC54F002AC1EA /* Frameworks */,
				257E5344296BC54F002AC1EA /* Resources */,
			);
			buildRules = (
			);
			dependencies = (
			);
			name = "Busy Man";
			packageProductDependencies = (
				257E535E296BC8C2002AC1EA /* SnapKit-Dynamic */,
				257E536B296BF9FC002AC1EA /* FSCalendar */,
			);
			productName = "Busy Man";
			productReference = 257E5346296BC54F002AC1EA /* Busy Man.app */;
			productType = "com.apple.product-type.application";
		};
/* End PBXNativeTarget section */

/* Begin PBXProject section */
		257E533E296BC54E002AC1EA /* Project object */ = {
			isa = PBXProject;
			attributes = {
				BuildIndependentTargetsInParallel = 1;
				LastSwiftUpdateCheck = 1340;
				LastUpgradeCheck = 1340;
				TargetAttributes = {
					257E5345296BC54F002AC1EA = {
						CreatedOnToolsVersion = 13.4.1;
					};
				};
			};
			buildConfigurationList = 257E5341296BC54E002AC1EA /* Build configuration list for PBXProject "Busy Man" */;
			compatibilityVersion = "Xcode 13.0";
			developmentRegion = en;
			hasScannedForEncodings = 0;
			knownRegions = (
				en,
				Base,
			);
			mainGroup = 257E533D296BC54E002AC1EA;
			packageReferences = (
				257E535D296BC8C2002AC1EA /* XCRemoteSwiftPackageReference "SnapKit" */,
				257E536A296BF9FC002AC1EA /* XCRemoteSwiftPackageReference "FSCalendar" */,
			);
			productRefGroup = 257E5347296BC54F002AC1EA /* Products */;
			projectDirPath = "";
			projectRoot = "";
			targets = (
				257E5345296BC54F002AC1EA /* Busy Man */,
			);
		};
/* End PBXProject section */

/* Begin PBXResourcesBuildPhase section */
		257E5344296BC54F002AC1EA /* Resources */ = {
			isa = PBXResourcesBuildPhase;
			buildActionMask = 2147483647;
			files = (
				257E5356296BC555002AC1EA /* LaunchScreen.storyboard in Resources */,
				257E5353296BC555002AC1EA /* Assets.xcassets in Resources */,
			);
			runOnlyForDeploymentPostprocessing = 0;
		};
/* End PBXResourcesBuildPhase section */

/* Begin PBXSourcesBuildPhase section */
		257E5342296BC54F002AC1EA /* Sources */ = {
			isa = PBXSourcesBuildPhase;
			buildActionMask = 2147483647;
			files = (
				257E5371296C3BE6002AC1EA /* MeetingCell.swift in Sources */,
				2553E18A296F1BE700C570FF /* AddMeetingCell.swift in Sources */,
				251A76B3296F3C8800F46EF8 /* HeaderMeeting.swift in Sources */,
				2553E181296EF5BD00C570FF /* AddMeettingController.swift in Sources */,
				2553E184296EF5E900C570FF /* AddTaskController.swift in Sources */,
				2582A92E296D93DD0056DE05 /* UIStackView.swift in Sources */,
				2553E17F296DA66700C570FF /* TasksCell.swift in Sources */,
				257E534E296BC54F002AC1EA /* MainViewController.swift in Sources */,
				257E534A296BC54F002AC1EA /* AppDelegate.swift in Sources */,
				257E5367296BE7B5002AC1EA /* TasksViewController.swift in Sources */,
				257E5365296BE7A2002AC1EA /* MeetingViewController.swift in Sources */,
				257E5369296BE7C4002AC1EA /* CallsViewController.swift in Sources */,
				2582A92C296D91760056DE05 /* UILabel.swift in Sources */,
				257E534C296BC54F002AC1EA /* SceneDelegate.swift in Sources */,
			);
			runOnlyForDeploymentPostprocessing = 0;
		};
/* End PBXSourcesBuildPhase section */

/* Begin PBXVariantGroup section */
		257E5354296BC555002AC1EA /* LaunchScreen.storyboard */ = {
			isa = PBXVariantGroup;
			children = (
				257E5355296BC555002AC1EA /* Base */,
			);
			name = LaunchScreen.storyboard;
			sourceTree = "<group>";
		};
/* End PBXVariantGroup section */

/* Begin XCBuildConfiguration section */
		257E5358296BC555002AC1EA /* Debug */ = {
			isa = XCBuildConfiguration;
			buildSettings = {
				ALWAYS_SEARCH_USER_PATHS = NO;
				CLANG_ANALYZER_NONNULL = YES;
				CLANG_ANALYZER_NUMBER_OBJECT_CONVERSION = YES_AGGRESSIVE;
				CLANG_CXX_LANGUAGE_STANDARD = "gnu++17";
				CLANG_ENABLE_MODULES = YES;
				CLANG_ENABLE_OBJC_ARC = YES;
				CLANG_ENABLE_OBJC_WEAK = YES;
				CLANG_WARN_BLOCK_CAPTURE_AUTORELEASING = YES;
				CLANG_WARN_BOOL_CONVERSION = YES;
				CLANG_WARN_COMMA = YES;
				CLANG_WARN_CONSTANT_CONVERSION = YES;
				CLANG_WARN_DEPRECATED_OBJC_IMPLEMENTATIONS = YES;
				CLANG_WARN_DIRECT_OBJC_ISA_USAGE = YES_ERROR;
				CLANG_WARN_DOCUMENTATION_COMMENTS = YES;
				CLANG_WARN_EMPTY_BODY = YES;
				CLANG_WARN_ENUM_CONVERSION = YES;
				CLANG_WARN_INFINITE_RECURSION = YES;
				CLANG_WARN_INT_CONVERSION = YES;
				CLANG_WARN_NON_LITERAL_NULL_CONVERSION = YES;
				CLANG_WARN_OBJC_IMPLICIT_RETAIN_SELF = YES;
				CLANG_WARN_OBJC_LITERAL_CONVERSION = YES;
				CLANG_WARN_OBJC_ROOT_CLASS = YES_ERROR;
				CLANG_WARN_QUOTED_INCLUDE_IN_FRAMEWORK_HEADER = YES;
				CLANG_WARN_RANGE_LOOP_ANALYSIS = YES;
				CLANG_WARN_STRICT_PROTOTYPES = YES;
				CLANG_WARN_SUSPICIOUS_MOVE = YES;
				CLANG_WARN_UNGUARDED_AVAILABILITY = YES_AGGRESSIVE;
				CLANG_WARN_UNREACHABLE_CODE = YES;
				CLANG_WARN__DUPLICATE_METHOD_MATCH = YES;
				COPY_PHASE_STRIP = NO;
				DEBUG_INFORMATION_FORMAT = dwarf;
				ENABLE_STRICT_OBJC_MSGSEND = YES;
				ENABLE_TESTABILITY = YES;
				GCC_C_LANGUAGE_STANDARD = gnu11;
				GCC_DYNAMIC_NO_PIC = NO;
				GCC_NO_COMMON_BLOCKS = YES;
				GCC_OPTIMIZATION_LEVEL = 0;
				GCC_PREPROCESSOR_DEFINITIONS = (
					"DEBUG=1",
					"$(inherited)",
				);
				GCC_WARN_64_TO_32_BIT_CONVERSION = YES;
				GCC_WARN_ABOUT_RETURN_TYPE = YES_ERROR;
				GCC_WARN_UNDECLARED_SELECTOR = YES;
				GCC_WARN_UNINITIALIZED_AUTOS = YES_AGGRESSIVE;
				GCC_WARN_UNUSED_FUNCTION = YES;
				GCC_WARN_UNUSED_VARIABLE = YES;
				IPHONEOS_DEPLOYMENT_TARGET = 15.5;
				MTL_ENABLE_DEBUG_INFO = INCLUDE_SOURCE;
				MTL_FAST_MATH = YES;
				ONLY_ACTIVE_ARCH = YES;
				SDKROOT = iphoneos;
				SWIFT_ACTIVE_COMPILATION_CONDITIONS = DEBUG;
				SWIFT_OPTIMIZATION_LEVEL = "-Onone";
			};
			name = Debug;
		};
		257E5359296BC555002AC1EA /* Release */ = {
			isa = XCBuildConfiguration;
			buildSettings = {
				ALWAYS_SEARCH_USER_PATHS = NO;
				CLANG_ANALYZER_NONNULL = YES;
				CLANG_ANALYZER_NUMBER_OBJECT_CONVERSION = YES_AGGRESSIVE;
				CLANG_CXX_LANGUAGE_STANDARD = "gnu++17";
				CLANG_ENABLE_MODULES = YES;
				CLANG_ENABLE_OBJC_ARC = YES;
				CLANG_ENABLE_OBJC_WEAK = YES;
				CLANG_WARN_BLOCK_CAPTURE_AUTORELEASING = YES;
				CLANG_WARN_BOOL_CONVERSION = YES;
				CLANG_WARN_COMMA = YES;
				CLANG_WARN_CONSTANT_CONVERSION = YES;
				CLANG_WARN_DEPRECATED_OBJC_IMPLEMENTATIONS = YES;
				CLANG_WARN_DIRECT_OBJC_ISA_USAGE = YES_ERROR;
				CLANG_WARN_DOCUMENTATION_COMMENTS = YES;
				CLANG_WARN_EMPTY_BODY = YES;
				CLANG_WARN_ENUM_CONVERSION = YES;
				CLANG_WARN_INFINITE_RECURSION = YES;
				CLANG_WARN_INT_CONVERSION = YES;
				CLANG_WARN_NON_LITERAL_NULL_CONVERSION = YES;
				CLANG_WARN_OBJC_IMPLICIT_RETAIN_SELF = YES;
				CLANG_WARN_OBJC_LITERAL_CONVERSION = YES;
				CLANG_WARN_OBJC_ROOT_CLASS = YES_ERROR;
				CLANG_WARN_QUOTED_INCLUDE_IN_FRAMEWORK_HEADER = YES;
				CLANG_WARN_RANGE_LOOP_ANALYSIS = YES;
				CLANG_WARN_STRICT_PROTOTYPES = YES;
				CLANG_WARN_SUSPICIOUS_MOVE = YES;
				CLANG_WARN_UNGUARDED_AVAILABILITY = YES_AGGRESSIVE;
				CLANG_WARN_UNREACHABLE_CODE = YES;
				CLANG_WARN__DUPLICATE_METHOD_MATCH = YES;
				COPY_PHASE_STRIP = NO;
				DEBUG_INFORMATION_FORMAT = "dwarf-with-dsym";
				ENABLE_NS_ASSERTIONS = NO;
				ENABLE_STRICT_OBJC_MSGSEND = YES;
				GCC_C_LANGUAGE_STANDARD = gnu11;
				GCC_NO_COMMON_BLOCKS = YES;
				GCC_WARN_64_TO_32_BIT_CONVERSION = YES;
				GCC_WARN_ABOUT_RETURN_TYPE = YES_ERROR;
				GCC_WARN_UNDECLARED_SELECTOR = YES;
				GCC_WARN_UNINITIALIZED_AUTOS = YES_AGGRESSIVE;
				GCC_WARN_UNUSED_FUNCTION = YES;
				GCC_WARN_UNUSED_VARIABLE = YES;
				IPHONEOS_DEPLOYMENT_TARGET = 15.5;
				MTL_ENABLE_DEBUG_INFO = NO;
				MTL_FAST_MATH = YES;
				SDKROOT = iphoneos;
				SWIFT_COMPILATION_MODE = wholemodule;
				SWIFT_OPTIMIZATION_LEVEL = "-O";
				VALIDATE_PRODUCT = YES;
			};
			name = Release;
		};
		257E535B296BC555002AC1EA /* Debug */ = {
			isa = XCBuildConfiguration;
			buildSettings = {
				ASSETCATALOG_COMPILER_APPICON_NAME = AppIcon;
				ASSETCATALOG_COMPILER_GLOBAL_ACCENT_COLOR_NAME = AccentColor;
				CODE_SIGN_STYLE = Automatic;
				CURRENT_PROJECT_VERSION = 1;
				DEVELOPMENT_TEAM = XMAYR8P7MJ;
				GENERATE_INFOPLIST_FILE = YES;
				INFOPLIST_FILE = "Busy Man/Others/Info.plist";
				INFOPLIST_KEY_UIApplicationSupportsIndirectInputEvents = YES;
				INFOPLIST_KEY_UILaunchStoryboardName = LaunchScreen;
				INFOPLIST_KEY_UISupportedInterfaceOrientations_iPad = "UIInterfaceOrientationPortrait UIInterfaceOrientationPortraitUpsideDown UIInterfaceOrientationLandscapeLeft UIInterfaceOrientationLandscapeRight";
				INFOPLIST_KEY_UISupportedInterfaceOrientations_iPhone = "UIInterfaceOrientationPortrait UIInterfaceOrientationLandscapeLeft UIInterfaceOrientationLandscapeRight";
				LD_RUNPATH_SEARCH_PATHS = (
					"$(inherited)",
					"@executable_path/Frameworks",
				);
				MARKETING_VERSION = 1.0;
				PRODUCT_BUNDLE_IDENTIFIER = "Amir.Busy-Man";
				PRODUCT_NAME = "$(TARGET_NAME)";
				SWIFT_EMIT_LOC_STRINGS = YES;
				SWIFT_VERSION = 5.0;
				TARGETED_DEVICE_FAMILY = "1,2";
			};
			name = Debug;
		};
		257E535C296BC555002AC1EA /* Release */ = {
			isa = XCBuildConfiguration;
			buildSettings = {
				ASSETCATALOG_COMPILER_APPICON_NAME = AppIcon;
				ASSETCATALOG_COMPILER_GLOBAL_ACCENT_COLOR_NAME = AccentColor;
				CODE_SIGN_STYLE = Automatic;
				CURRENT_PROJECT_VERSION = 1;
				DEVELOPMENT_TEAM = XMAYR8P7MJ;
				GENERATE_INFOPLIST_FILE = YES;
				INFOPLIST_FILE = "Busy Man/Others/Info.plist";
				INFOPLIST_KEY_UIApplicationSupportsIndirectInputEvents = YES;
				INFOPLIST_KEY_UILaunchStoryboardName = LaunchScreen;
				INFOPLIST_KEY_UISupportedInterfaceOrientations_iPad = "UIInterfaceOrientationPortrait UIInterfaceOrientationPortraitUpsideDown UIInterfaceOrientationLandscapeLeft UIInterfaceOrientationLandscapeRight";
				INFOPLIST_KEY_UISupportedInterfaceOrientations_iPhone = "UIInterfaceOrientationPortrait UIInterfaceOrientationLandscapeLeft UIInterfaceOrientationLandscapeRight";
				LD_RUNPATH_SEARCH_PATHS = (
					"$(inherited)",
					"@executable_path/Frameworks",
				);
				MARKETING_VERSION = 1.0;
				PRODUCT_BUNDLE_IDENTIFIER = "Amir.Busy-Man";
				PRODUCT_NAME = "$(TARGET_NAME)";
				SWIFT_EMIT_LOC_STRINGS = YES;
				SWIFT_VERSION = 5.0;
				TARGETED_DEVICE_FAMILY = "1,2";
			};
			name = Release;
		};
/* End XCBuildConfiguration section */

/* Begin XCConfigurationList section */
		257E5341296BC54E002AC1EA /* Build configuration list for PBXProject "Busy Man" */ = {
			isa = XCConfigurationList;
			buildConfigurations = (
				257E5358296BC555002AC1EA /* Debug */,
				257E5359296BC555002AC1EA /* Release */,
			);
			defaultConfigurationIsVisible = 0;
			defaultConfigurationName = Release;
		};
		257E535A296BC555002AC1EA /* Build configuration list for PBXNativeTarget "Busy Man" */ = {
			isa = XCConfigurationList;
			buildConfigurations = (
				257E535B296BC555002AC1EA /* Debug */,
				257E535C296BC555002AC1EA /* Release */,
			);
			defaultConfigurationIsVisible = 0;
			defaultConfigurationName = Release;
		};
/* End XCConfigurationList section */

/* Begin XCRemoteSwiftPackageReference section */
		257E535D296BC8C2002AC1EA /* XCRemoteSwiftPackageReference "SnapKit" */ = {
			isa = XCRemoteSwiftPackageReference;
			repositoryURL = "https://github.com/SnapKit/SnapKit";
			requirement = {
				kind = upToNextMajorVersion;
				minimumVersion = 5.0.0;
			};
		};
		257E536A296BF9FC002AC1EA /* XCRemoteSwiftPackageReference "FSCalendar" */ = {
			isa = XCRemoteSwiftPackageReference;
			repositoryURL = "https://github.com/WenchaoD/FSCalendar";
			requirement = {
				kind = upToNextMajorVersion;
				minimumVersion = 2.0.0;
			};
		};
/* End XCRemoteSwiftPackageReference section */

/* Begin XCSwiftPackageProductDependency section */
		257E535E296BC8C2002AC1EA /* SnapKit-Dynamic */ = {
			isa = XCSwiftPackageProductDependency;
			package = 257E535D296BC8C2002AC1EA /* XCRemoteSwiftPackageReference "SnapKit" */;
			productName = "SnapKit-Dynamic";
		};
		257E536B296BF9FC002AC1EA /* FSCalendar */ = {
			isa = XCSwiftPackageProductDependency;
			package = 257E536A296BF9FC002AC1EA /* XCRemoteSwiftPackageReference "FSCalendar" */;
			productName = FSCalendar;
		};
/* End XCSwiftPackageProductDependency section */
	};
	rootObject = 257E533E296BC54E002AC1EA /* Project object */;
}
